{
  "object": {
    "pins": [
      {
        "package": "Veneer",
        "repositoryURL": "https://github.com/chrislconover/Veneer.git",
        "state": {
          "branch": "master",
          "revision": "94c2f9b7841258b75f01182a3e4d852f7800385d",
          "version": null
        }
      }
    ]
  },
  "version": 1
}
